// !$*UTF8*$!
{
	archiveVersion = 1;
	classes = {
	};
	objectVersion = 56;
	objects = {

/* Begin PBXBuildFile section */
		2BC123CA960881DBA1198ECD /* Pods_NativeWeatherApp.framework in Frameworks */ = {isa = PBXBuildFile; fileRef = 9F3705D365EE96CB558AABC7 /* Pods_NativeWeatherApp.framework */; };
		5F28EDF12B1649D700FF6F60 /* GettingStartedAssembly.swift in Sources */ = {isa = PBXBuildFile; fileRef = 5F28EDF02B1649D700FF6F60 /* GettingStartedAssembly.swift */; };
		5F28EDF32B164A2700FF6F60 /* GettingStartedViewModel.swift in Sources */ = {isa = PBXBuildFile; fileRef = 5F28EDF22B164A2700FF6F60 /* GettingStartedViewModel.swift */; };
		5F28EE0D2B1664C000FF6F60 /* LocationRequestControllerTests.swift in Sources */ = {isa = PBXBuildFile; fileRef = 5F28EE0C2B1664C000FF6F60 /* LocationRequestControllerTests.swift */; };
		5F4C245C2AD9AF2D00D0E8BD /* AppDelegate.swift in Sources */ = {isa = PBXBuildFile; fileRef = 5F4C245B2AD9AF2D00D0E8BD /* AppDelegate.swift */; };
		5F4C245E2AD9AF2D00D0E8BD /* SceneDelegate.swift in Sources */ = {isa = PBXBuildFile; fileRef = 5F4C245D2AD9AF2D00D0E8BD /* SceneDelegate.swift */; };
		5F4C24602AD9AF2D00D0E8BD /* WeatherController.swift in Sources */ = {isa = PBXBuildFile; fileRef = 5F4C245F2AD9AF2D00D0E8BD /* WeatherController.swift */; };
		5F4C24652AD9AF2E00D0E8BD /* Assets.xcassets in Resources */ = {isa = PBXBuildFile; fileRef = 5F4C24642AD9AF2E00D0E8BD /* Assets.xcassets */; };
		5F4C24682AD9AF2E00D0E8BD /* LaunchScreen.storyboard in Resources */ = {isa = PBXBuildFile; fileRef = 5F4C24662AD9AF2E00D0E8BD /* LaunchScreen.storyboard */; };
		5F4C24702AD9AF6800D0E8BD /* NetworkService.swift in Sources */ = {isa = PBXBuildFile; fileRef = 5F4C246F2AD9AF6800D0E8BD /* NetworkService.swift */; };
		5F4C24722AD9B51D00D0E8BD /* LocationManager.swift in Sources */ = {isa = PBXBuildFile; fileRef = 5F4C24712AD9B51D00D0E8BD /* LocationManager.swift */; };
		5F4C24742AD9CD8600D0E8BD /* Weather.swift in Sources */ = {isa = PBXBuildFile; fileRef = 5F4C24732AD9CD8600D0E8BD /* Weather.swift */; };
		5FD39B012AEAC83000305CB8 /* String+extensions.swift in Sources */ = {isa = PBXBuildFile; fileRef = 5FD39B002AEAC83000305CB8 /* String+extensions.swift */; };
		5FD39B062AEAC9CD00305CB8 /* Localizable.strings in Resources */ = {isa = PBXBuildFile; fileRef = 5FD39B082AEAC9CD00305CB8 /* Localizable.strings */; };
		5FD85CD62B1CF463000EF0D4 /* WeatherViewModel.swift in Sources */ = {isa = PBXBuildFile; fileRef = 5FD85CD52B1CF463000EF0D4 /* WeatherViewModel.swift */; };
		5FD85CD82B1CF647000EF0D4 /* Bindable.swift in Sources */ = {isa = PBXBuildFile; fileRef = 5FD85CD72B1CF647000EF0D4 /* Bindable.swift */; };
		5FE09DFE2AD9E581004D864C /* WeatherData.swift in Sources */ = {isa = PBXBuildFile; fileRef = 5FE09DFD2AD9E581004D864C /* WeatherData.swift */; };
		5FE09E002AD9E5B0004D864C /* City.swift in Sources */ = {isa = PBXBuildFile; fileRef = 5FE09DFF2AD9E5B0004D864C /* City.swift */; };
		5FE09E022AD9E66E004D864C /* Coordinates.swift in Sources */ = {isa = PBXBuildFile; fileRef = 5FE09E012AD9E66E004D864C /* Coordinates.swift */; };
		5FE09E042AD9E84A004D864C /* MainWeatherInformation.swift in Sources */ = {isa = PBXBuildFile; fileRef = 5FE09E032AD9E84A004D864C /* MainWeatherInformation.swift */; };
		5FE09E082ADEE8F7004D864C /* Clouds.swift in Sources */ = {isa = PBXBuildFile; fileRef = 5FE09E072ADEE8F7004D864C /* Clouds.swift */; };
		5FE09E0A2ADEE914004D864C /* WeatherDiscription.swift in Sources */ = {isa = PBXBuildFile; fileRef = 5FE09E092ADEE914004D864C /* WeatherDiscription.swift */; };
		5FE09E0C2ADEE92D004D864C /* Wind.swift in Sources */ = {isa = PBXBuildFile; fileRef = 5FE09E0B2ADEE92D004D864C /* Wind.swift */; };
		5FE27BB22AFA7CCC000EC401 /* GettingStartedController.swift in Sources */ = {isa = PBXBuildFile; fileRef = 5FE27BB12AFA7CCC000EC401 /* GettingStartedController.swift */; };
		5FE27BB82AFA9F06000EC401 /* Constants.swift in Sources */ = {isa = PBXBuildFile; fileRef = 5FE27BB72AFA9F06000EC401 /* Constants.swift */; };
		5FE27BBA2AFAAE95000EC401 /* ForecastCellModel.swift in Sources */ = {isa = PBXBuildFile; fileRef = 5FE27BB92AFAAE95000EC401 /* ForecastCellModel.swift */; };
		5FE27BC02AFAB302000EC401 /* HourlyForecastCollectionViewCell.swift in Sources */ = {isa = PBXBuildFile; fileRef = 5FE27BBF2AFAB302000EC401 /* HourlyForecastCollectionViewCell.swift */; };
		5FE27BC32AFAB47C000EC401 /* UIView + Extensions.swift in Sources */ = {isa = PBXBuildFile; fileRef = 5FE27BC22AFAB47C000EC401 /* UIView + Extensions.swift */; };
		5FE27BC52AFADC3D000EC401 /* DailyForecastTableViewCell.swift in Sources */ = {isa = PBXBuildFile; fileRef = 5FE27BC42AFADC3D000EC401 /* DailyForecastTableViewCell.swift */; };
		5FE27BCB2AFC00F3000EC401 /* WeatherImageSetup.swift in Sources */ = {isa = PBXBuildFile; fileRef = 5FE27BCA2AFC00F3000EC401 /* WeatherImageSetup.swift */; };
/* End PBXBuildFile section */

/* Begin PBXContainerItemProxy section */
		5F28EDFC2B165F1E00FF6F60 /* PBXContainerItemProxy */ = {
			isa = PBXContainerItemProxy;
			containerPortal = 5F4C24502AD9AF2D00D0E8BD /* Project object */;
			proxyType = 1;
			remoteGlobalIDString = 5F4C24572AD9AF2D00D0E8BD;
			remoteInfo = NativeWeatherApp;
		};
		5F28EE0E2B1664C000FF6F60 /* PBXContainerItemProxy */ = {
			isa = PBXContainerItemProxy;
			containerPortal = 5F4C24502AD9AF2D00D0E8BD /* Project object */;
			proxyType = 1;
			remoteGlobalIDString = 5F4C24572AD9AF2D00D0E8BD;
			remoteInfo = NativeWeatherApp;
		};
/* End PBXContainerItemProxy section */

/* Begin PBXFileReference section */
		078C3BAF5F2F173C0934D2A1 /* Pods-NativeWeatherApp.release.xcconfig */ = {isa = PBXFileReference; includeInIndex = 1; lastKnownFileType = text.xcconfig; name = "Pods-NativeWeatherApp.release.xcconfig"; path = "Target Support Files/Pods-NativeWeatherApp/Pods-NativeWeatherApp.release.xcconfig"; sourceTree = "<group>"; };
		5F28EDF02B1649D700FF6F60 /* GettingStartedAssembly.swift */ = {isa = PBXFileReference; lastKnownFileType = sourcecode.swift; path = GettingStartedAssembly.swift; sourceTree = "<group>"; };
		5F28EDF22B164A2700FF6F60 /* GettingStartedViewModel.swift */ = {isa = PBXFileReference; lastKnownFileType = sourcecode.swift; path = GettingStartedViewModel.swift; sourceTree = "<group>"; };
		5F28EDF82B165F1E00FF6F60 /* NativeWeatherAppTests.xctest */ = {isa = PBXFileReference; explicitFileType = wrapper.cfbundle; includeInIndex = 0; path = NativeWeatherAppTests.xctest; sourceTree = BUILT_PRODUCTS_DIR; };
		5F28EE0A2B1664BF00FF6F60 /* LocationRequestControllerTests.xctest */ = {isa = PBXFileReference; explicitFileType = wrapper.cfbundle; includeInIndex = 0; path = LocationRequestControllerTests.xctest; sourceTree = BUILT_PRODUCTS_DIR; };
		5F28EE0C2B1664C000FF6F60 /* LocationRequestControllerTests.swift */ = {isa = PBXFileReference; lastKnownFileType = sourcecode.swift; path = LocationRequestControllerTests.swift; sourceTree = "<group>"; };
		5F4C24582AD9AF2D00D0E8BD /* NativeWeatherApp.app */ = {isa = PBXFileReference; explicitFileType = wrapper.application; includeInIndex = 0; path = NativeWeatherApp.app; sourceTree = BUILT_PRODUCTS_DIR; };
		5F4C245B2AD9AF2D00D0E8BD /* AppDelegate.swift */ = {isa = PBXFileReference; lastKnownFileType = sourcecode.swift; path = AppDelegate.swift; sourceTree = "<group>"; };
		5F4C245D2AD9AF2D00D0E8BD /* SceneDelegate.swift */ = {isa = PBXFileReference; lastKnownFileType = sourcecode.swift; path = SceneDelegate.swift; sourceTree = "<group>"; };
		5F4C245F2AD9AF2D00D0E8BD /* WeatherController.swift */ = {isa = PBXFileReference; lastKnownFileType = sourcecode.swift; path = WeatherController.swift; sourceTree = "<group>"; };
		5F4C24642AD9AF2E00D0E8BD /* Assets.xcassets */ = {isa = PBXFileReference; lastKnownFileType = folder.assetcatalog; path = Assets.xcassets; sourceTree = "<group>"; };
		5F4C24672AD9AF2E00D0E8BD /* Base */ = {isa = PBXFileReference; lastKnownFileType = file.storyboard; name = Base; path = Base.lproj/LaunchScreen.storyboard; sourceTree = "<group>"; };
		5F4C24692AD9AF2E00D0E8BD /* Info.plist */ = {isa = PBXFileReference; lastKnownFileType = text.plist.xml; path = Info.plist; sourceTree = "<group>"; };
		5F4C246F2AD9AF6800D0E8BD /* NetworkService.swift */ = {isa = PBXFileReference; lastKnownFileType = sourcecode.swift; path = NetworkService.swift; sourceTree = "<group>"; };
		5F4C24712AD9B51D00D0E8BD /* LocationManager.swift */ = {isa = PBXFileReference; lastKnownFileType = sourcecode.swift; path = LocationManager.swift; sourceTree = "<group>"; };
		5F4C24732AD9CD8600D0E8BD /* Weather.swift */ = {isa = PBXFileReference; lastKnownFileType = sourcecode.swift; path = Weather.swift; sourceTree = "<group>"; };
		5FD39B002AEAC83000305CB8 /* String+extensions.swift */ = {isa = PBXFileReference; lastKnownFileType = sourcecode.swift; path = "String+extensions.swift"; sourceTree = "<group>"; };
		5FD39B072AEAC9CD00305CB8 /* en */ = {isa = PBXFileReference; lastKnownFileType = text.plist.strings; name = en; path = en.lproj/Localizable.strings; sourceTree = "<group>"; };
		5FD39B092AEAC9D600305CB8 /* ru */ = {isa = PBXFileReference; lastKnownFileType = text.plist.strings; name = ru; path = ru.lproj/Localizable.strings; sourceTree = "<group>"; };
		5FD85CD52B1CF463000EF0D4 /* WeatherViewModel.swift */ = {isa = PBXFileReference; lastKnownFileType = sourcecode.swift; path = WeatherViewModel.swift; sourceTree = "<group>"; };
		5FD85CD72B1CF647000EF0D4 /* Bindable.swift */ = {isa = PBXFileReference; lastKnownFileType = sourcecode.swift; path = Bindable.swift; sourceTree = "<group>"; };
		5FE09DFD2AD9E581004D864C /* WeatherData.swift */ = {isa = PBXFileReference; lastKnownFileType = sourcecode.swift; path = WeatherData.swift; sourceTree = "<group>"; };
		5FE09DFF2AD9E5B0004D864C /* City.swift */ = {isa = PBXFileReference; lastKnownFileType = sourcecode.swift; path = City.swift; sourceTree = "<group>"; };
		5FE09E012AD9E66E004D864C /* Coordinates.swift */ = {isa = PBXFileReference; lastKnownFileType = sourcecode.swift; path = Coordinates.swift; sourceTree = "<group>"; };
		5FE09E032AD9E84A004D864C /* MainWeatherInformation.swift */ = {isa = PBXFileReference; lastKnownFileType = sourcecode.swift; path = MainWeatherInformation.swift; sourceTree = "<group>"; };
		5FE09E072ADEE8F7004D864C /* Clouds.swift */ = {isa = PBXFileReference; lastKnownFileType = sourcecode.swift; path = Clouds.swift; sourceTree = "<group>"; };
		5FE09E092ADEE914004D864C /* WeatherDiscription.swift */ = {isa = PBXFileReference; lastKnownFileType = sourcecode.swift; path = WeatherDiscription.swift; sourceTree = "<group>"; };
		5FE09E0B2ADEE92D004D864C /* Wind.swift */ = {isa = PBXFileReference; lastKnownFileType = sourcecode.swift; path = Wind.swift; sourceTree = "<group>"; };
		5FE27BB12AFA7CCC000EC401 /* GettingStartedController.swift */ = {isa = PBXFileReference; lastKnownFileType = sourcecode.swift; path = GettingStartedController.swift; sourceTree = "<group>"; };
		5FE27BB72AFA9F06000EC401 /* Constants.swift */ = {isa = PBXFileReference; lastKnownFileType = sourcecode.swift; path = Constants.swift; sourceTree = "<group>"; };
		5FE27BB92AFAAE95000EC401 /* ForecastCellModel.swift */ = {isa = PBXFileReference; lastKnownFileType = sourcecode.swift; path = ForecastCellModel.swift; sourceTree = "<group>"; };
		5FE27BBF2AFAB302000EC401 /* HourlyForecastCollectionViewCell.swift */ = {isa = PBXFileReference; lastKnownFileType = sourcecode.swift; path = HourlyForecastCollectionViewCell.swift; sourceTree = "<group>"; };
		5FE27BC22AFAB47C000EC401 /* UIView + Extensions.swift */ = {isa = PBXFileReference; lastKnownFileType = sourcecode.swift; path = "UIView + Extensions.swift"; sourceTree = "<group>"; };
		5FE27BC42AFADC3D000EC401 /* DailyForecastTableViewCell.swift */ = {isa = PBXFileReference; lastKnownFileType = sourcecode.swift; path = DailyForecastTableViewCell.swift; sourceTree = "<group>"; };
		5FE27BCA2AFC00F3000EC401 /* WeatherImageSetup.swift */ = {isa = PBXFileReference; lastKnownFileType = sourcecode.swift; path = WeatherImageSetup.swift; sourceTree = "<group>"; };
		9F3705D365EE96CB558AABC7 /* Pods_NativeWeatherApp.framework */ = {isa = PBXFileReference; explicitFileType = wrapper.framework; includeInIndex = 0; path = Pods_NativeWeatherApp.framework; sourceTree = BUILT_PRODUCTS_DIR; };
		FE52677A105227154C136AB8 /* Pods-NativeWeatherApp.debug.xcconfig */ = {isa = PBXFileReference; includeInIndex = 1; lastKnownFileType = text.xcconfig; name = "Pods-NativeWeatherApp.debug.xcconfig"; path = "Target Support Files/Pods-NativeWeatherApp/Pods-NativeWeatherApp.debug.xcconfig"; sourceTree = "<group>"; };
/* End PBXFileReference section */

/* Begin PBXFrameworksBuildPhase section */
		5F28EDF52B165F1E00FF6F60 /* Frameworks */ = {
			isa = PBXFrameworksBuildPhase;
			buildActionMask = 2147483647;
			files = (
			);
			runOnlyForDeploymentPostprocessing = 0;
		};
		5F28EE072B1664BF00FF6F60 /* Frameworks */ = {
			isa = PBXFrameworksBuildPhase;
			buildActionMask = 2147483647;
			files = (
			);
			runOnlyForDeploymentPostprocessing = 0;
		};
		5F4C24552AD9AF2D00D0E8BD /* Frameworks */ = {
			isa = PBXFrameworksBuildPhase;
			buildActionMask = 2147483647;
			files = (
				2BC123CA960881DBA1198ECD /* Pods_NativeWeatherApp.framework in Frameworks */,
			);
			runOnlyForDeploymentPostprocessing = 0;
		};
/* End PBXFrameworksBuildPhase section */

/* Begin PBXGroup section */
		5F28EE0B2B1664C000FF6F60 /* LocationRequestControllerTests */ = {
			isa = PBXGroup;
			children = (
				5F28EE0C2B1664C000FF6F60 /* LocationRequestControllerTests.swift */,
			);
			path = LocationRequestControllerTests;
			sourceTree = "<group>";
		};
		5F4C244F2AD9AF2D00D0E8BD = {
			isa = PBXGroup;
			children = (
				5FD39B082AEAC9CD00305CB8 /* Localizable.strings */,
				5F4C245A2AD9AF2D00D0E8BD /* NativeWeatherApp */,
				5F28EE0B2B1664C000FF6F60 /* LocationRequestControllerTests */,
				5F4C24592AD9AF2D00D0E8BD /* Products */,
				BDFD516BE5D189A02A14DCA7 /* Pods */,
				8B752FA491A5DBE14A56F632 /* Frameworks */,
			);
			sourceTree = "<group>";
		};
		5F4C24592AD9AF2D00D0E8BD /* Products */ = {
			isa = PBXGroup;
			children = (
				5F4C24582AD9AF2D00D0E8BD /* NativeWeatherApp.app */,
				5F28EDF82B165F1E00FF6F60 /* NativeWeatherAppTests.xctest */,
				5F28EE0A2B1664BF00FF6F60 /* LocationRequestControllerTests.xctest */,
			);
			name = Products;
			sourceTree = "<group>";
		};
		5F4C245A2AD9AF2D00D0E8BD /* NativeWeatherApp */ = {
			isa = PBXGroup;
			children = (
				5FE09E062ADEE5FD004D864C /* Application */,
				5FCDE5DD2AF1310F00603435 /* Controllers */,
				5FE27BBC2AFAB2B4000EC401 /* Views */,
				5FCDE5DC2AF130F300603435 /* Services */,
				5FE09E052ADEE574004D864C /* Models */,
				5FE27BC12AFAB457000EC401 /* Extensions */,
				5FD39AB12AE839BE00305CB8 /* Resources */,
			);
			path = NativeWeatherApp;
			sourceTree = "<group>";
		};
		5FCDE5DC2AF130F300603435 /* Services */ = {
			isa = PBXGroup;
			children = (
				5FD85CD72B1CF647000EF0D4 /* Bindable.swift */,
				5F4C24712AD9B51D00D0E8BD /* LocationManager.swift */,
				5F4C246F2AD9AF6800D0E8BD /* NetworkService.swift */,
			);
			path = Services;
			sourceTree = "<group>";
		};
		5FCDE5DD2AF1310F00603435 /* Controllers */ = {
			isa = PBXGroup;
			children = (
				5F28EDF02B1649D700FF6F60 /* GettingStartedAssembly.swift */,
				5F28EDF22B164A2700FF6F60 /* GettingStartedViewModel.swift */,
				5FE27BB12AFA7CCC000EC401 /* GettingStartedController.swift */,
				5FD85CD52B1CF463000EF0D4 /* WeatherViewModel.swift */,
				5F4C245F2AD9AF2D00D0E8BD /* WeatherController.swift */,
			);
			path = Controllers;
			sourceTree = "<group>";
		};
		5FD39AB12AE839BE00305CB8 /* Resources */ = {
			isa = PBXGroup;
			children = (
				5FE27BB72AFA9F06000EC401 /* Constants.swift */,
				5F4C24642AD9AF2E00D0E8BD /* Assets.xcassets */,
				5F4C24662AD9AF2E00D0E8BD /* LaunchScreen.storyboard */,
				5F4C24692AD9AF2E00D0E8BD /* Info.plist */,
			);
			path = Resources;
			sourceTree = "<group>";
		};
		5FE09E052ADEE574004D864C /* Models */ = {
			isa = PBXGroup;
			children = (
				5FE27BBB2AFAAEA2000EC401 /* CellModels */,
				5F4C24732AD9CD8600D0E8BD /* Weather.swift */,
				5FE09E032AD9E84A004D864C /* MainWeatherInformation.swift */,
				5FE09E0B2ADEE92D004D864C /* Wind.swift */,
				5FE09E092ADEE914004D864C /* WeatherDiscription.swift */,
				5FE09E072ADEE8F7004D864C /* Clouds.swift */,
				5FE09DFD2AD9E581004D864C /* WeatherData.swift */,
				5FE09DFF2AD9E5B0004D864C /* City.swift */,
				5FE09E012AD9E66E004D864C /* Coordinates.swift */,
			);
			path = Models;
			sourceTree = "<group>";
		};
		5FE09E062ADEE5FD004D864C /* Application */ = {
			isa = PBXGroup;
			children = (
				5F4C245B2AD9AF2D00D0E8BD /* AppDelegate.swift */,
				5F4C245D2AD9AF2D00D0E8BD /* SceneDelegate.swift */,
			);
			path = Application;
			sourceTree = "<group>";
		};
		5FE27BBB2AFAAEA2000EC401 /* CellModels */ = {
			isa = PBXGroup;
			children = (
				5FE27BB92AFAAE95000EC401 /* ForecastCellModel.swift */,
			);
			path = CellModels;
			sourceTree = "<group>";
		};
		5FE27BBC2AFAB2B4000EC401 /* Views */ = {
			isa = PBXGroup;
			children = (
				5FE27BBF2AFAB302000EC401 /* HourlyForecastCollectionViewCell.swift */,
				5FE27BC42AFADC3D000EC401 /* DailyForecastTableViewCell.swift */,
			);
			path = Views;
			sourceTree = "<group>";
		};
		5FE27BC12AFAB457000EC401 /* Extensions */ = {
			isa = PBXGroup;
			children = (
				5FD39B002AEAC83000305CB8 /* String+extensions.swift */,
				5FE27BC22AFAB47C000EC401 /* UIView + Extensions.swift */,
				5FE27BCA2AFC00F3000EC401 /* WeatherImageSetup.swift */,
			);
			path = Extensions;
			sourceTree = "<group>";
		};
		8B752FA491A5DBE14A56F632 /* Frameworks */ = {
			isa = PBXGroup;
			children = (
				9F3705D365EE96CB558AABC7 /* Pods_NativeWeatherApp.framework */,
			);
			name = Frameworks;
			sourceTree = "<group>";
		};
		BDFD516BE5D189A02A14DCA7 /* Pods */ = {
			isa = PBXGroup;
			children = (
				FE52677A105227154C136AB8 /* Pods-NativeWeatherApp.debug.xcconfig */,
				078C3BAF5F2F173C0934D2A1 /* Pods-NativeWeatherApp.release.xcconfig */,
			);
			path = Pods;
			sourceTree = "<group>";
		};
/* End PBXGroup section */

/* Begin PBXNativeTarget section */
		5F28EDF72B165F1E00FF6F60 /* NativeWeatherAppTests */ = {
			isa = PBXNativeTarget;
			buildConfigurationList = 5F28EDFE2B165F1F00FF6F60 /* Build configuration list for PBXNativeTarget "NativeWeatherAppTests" */;
			buildPhases = (
				5F28EDF42B165F1E00FF6F60 /* Sources */,
				5F28EDF52B165F1E00FF6F60 /* Frameworks */,
				5F28EDF62B165F1E00FF6F60 /* Resources */,
			);
			buildRules = (
			);
			dependencies = (
				5F28EDFD2B165F1E00FF6F60 /* PBXTargetDependency */,
			);
			name = NativeWeatherAppTests;
			productName = NativeWeatherAppTests;
			productReference = 5F28EDF82B165F1E00FF6F60 /* NativeWeatherAppTests.xctest */;
			productType = "com.apple.product-type.bundle.unit-test";
		};
		5F28EE092B1664BF00FF6F60 /* LocationRequestControllerTests */ = {
			isa = PBXNativeTarget;
			buildConfigurationList = 5F28EE102B1664C000FF6F60 /* Build configuration list for PBXNativeTarget "LocationRequestControllerTests" */;
			buildPhases = (
				5F28EE062B1664BF00FF6F60 /* Sources */,
				5F28EE072B1664BF00FF6F60 /* Frameworks */,
				5F28EE082B1664BF00FF6F60 /* Resources */,
			);
			buildRules = (
			);
			dependencies = (
				5F28EE0F2B1664C000FF6F60 /* PBXTargetDependency */,
			);
			name = LocationRequestControllerTests;
			productName = LocationRequestControllerTests;
			productReference = 5F28EE0A2B1664BF00FF6F60 /* LocationRequestControllerTests.xctest */;
			productType = "com.apple.product-type.bundle.unit-test";
		};
		5F4C24572AD9AF2D00D0E8BD /* NativeWeatherApp */ = {
			isa = PBXNativeTarget;
			buildConfigurationList = 5F4C246C2AD9AF2E00D0E8BD /* Build configuration list for PBXNativeTarget "NativeWeatherApp" */;
			buildPhases = (
				36612545F34D34C695CFA744 /* [CP] Check Pods Manifest.lock */,
				5F4C24542AD9AF2D00D0E8BD /* Sources */,
				5F4C24552AD9AF2D00D0E8BD /* Frameworks */,
				5F4C24562AD9AF2D00D0E8BD /* Resources */,
				6EE36D6B97006A41B8C5E70A /* [CP] Embed Pods Frameworks */,
			);
			buildRules = (
			);
			dependencies = (
			);
			name = NativeWeatherApp;
			productName = NativeWeatherApp;
			productReference = 5F4C24582AD9AF2D00D0E8BD /* NativeWeatherApp.app */;
			productType = "com.apple.product-type.application";
		};
/* End PBXNativeTarget section */

/* Begin PBXProject section */
		5F4C24502AD9AF2D00D0E8BD /* Project object */ = {
			isa = PBXProject;
			attributes = {
				BuildIndependentTargetsInParallel = 1;
				LastSwiftUpdateCheck = 1500;
				LastUpgradeCheck = 1500;
				TargetAttributes = {
					5F28EDF72B165F1E00FF6F60 = {
						CreatedOnToolsVersion = 15.0.1;
						TestTargetID = 5F4C24572AD9AF2D00D0E8BD;
					};
					5F28EE092B1664BF00FF6F60 = {
						CreatedOnToolsVersion = 15.0.1;
						TestTargetID = 5F4C24572AD9AF2D00D0E8BD;
					};
					5F4C24572AD9AF2D00D0E8BD = {
						CreatedOnToolsVersion = 15.0;
					};
				};
			};
			buildConfigurationList = 5F4C24532AD9AF2D00D0E8BD /* Build configuration list for PBXProject "NativeWeatherApp" */;
			compatibilityVersion = "Xcode 14.0";
			developmentRegion = en;
			hasScannedForEncodings = 0;
			knownRegions = (
				en,
				Base,
				ru,
			);
			mainGroup = 5F4C244F2AD9AF2D00D0E8BD;
			productRefGroup = 5F4C24592AD9AF2D00D0E8BD /* Products */;
			projectDirPath = "";
			projectRoot = "";
			targets = (
				5F4C24572AD9AF2D00D0E8BD /* NativeWeatherApp */,
				5F28EDF72B165F1E00FF6F60 /* NativeWeatherAppTests */,
				5F28EE092B1664BF00FF6F60 /* LocationRequestControllerTests */,
			);
		};
/* End PBXProject section */

/* Begin PBXResourcesBuildPhase section */
		5F28EDF62B165F1E00FF6F60 /* Resources */ = {
			isa = PBXResourcesBuildPhase;
			buildActionMask = 2147483647;
			files = (
			);
			runOnlyForDeploymentPostprocessing = 0;
		};
		5F28EE082B1664BF00FF6F60 /* Resources */ = {
			isa = PBXResourcesBuildPhase;
			buildActionMask = 2147483647;
			files = (
			);
			runOnlyForDeploymentPostprocessing = 0;
		};
		5F4C24562AD9AF2D00D0E8BD /* Resources */ = {
			isa = PBXResourcesBuildPhase;
			buildActionMask = 2147483647;
			files = (
				5F4C24682AD9AF2E00D0E8BD /* LaunchScreen.storyboard in Resources */,
				5FD39B062AEAC9CD00305CB8 /* Localizable.strings in Resources */,
				5F4C24652AD9AF2E00D0E8BD /* Assets.xcassets in Resources */,
			);
			runOnlyForDeploymentPostprocessing = 0;
		};
/* End PBXResourcesBuildPhase section */

/* Begin PBXShellScriptBuildPhase section */
		36612545F34D34C695CFA744 /* [CP] Check Pods Manifest.lock */ = {
			isa = PBXShellScriptBuildPhase;
			buildActionMask = 2147483647;
			files = (
			);
			inputFileListPaths = (
			);
			inputPaths = (
				"${PODS_PODFILE_DIR_PATH}/Podfile.lock",
				"${PODS_ROOT}/Manifest.lock",
			);
			name = "[CP] Check Pods Manifest.lock";
			outputFileListPaths = (
			);
			outputPaths = (
				"$(DERIVED_FILE_DIR)/Pods-NativeWeatherApp-checkManifestLockResult.txt",
			);
			runOnlyForDeploymentPostprocessing = 0;
			shellPath = /bin/sh;
			shellScript = "diff \"${PODS_PODFILE_DIR_PATH}/Podfile.lock\" \"${PODS_ROOT}/Manifest.lock\" > /dev/null\nif [ $? != 0 ] ; then\n    # print error to STDERR\n    echo \"error: The sandbox is not in sync with the Podfile.lock. Run 'pod install' or update your CocoaPods installation.\" >&2\n    exit 1\nfi\n# This output is used by Xcode 'outputs' to avoid re-running this script phase.\necho \"SUCCESS\" > \"${SCRIPT_OUTPUT_FILE_0}\"\n";
			showEnvVarsInLog = 0;
		};
		6EE36D6B97006A41B8C5E70A /* [CP] Embed Pods Frameworks */ = {
			isa = PBXShellScriptBuildPhase;
			buildActionMask = 2147483647;
			files = (
			);
			inputFileListPaths = (
				"${PODS_ROOT}/Target Support Files/Pods-NativeWeatherApp/Pods-NativeWeatherApp-frameworks-${CONFIGURATION}-input-files.xcfilelist",
			);
			name = "[CP] Embed Pods Frameworks";
			outputFileListPaths = (
				"${PODS_ROOT}/Target Support Files/Pods-NativeWeatherApp/Pods-NativeWeatherApp-frameworks-${CONFIGURATION}-output-files.xcfilelist",
			);
			runOnlyForDeploymentPostprocessing = 0;
			shellPath = /bin/sh;
			shellScript = "\"${PODS_ROOT}/Target Support Files/Pods-NativeWeatherApp/Pods-NativeWeatherApp-frameworks.sh\"\n";
			showEnvVarsInLog = 0;
		};
/* End PBXShellScriptBuildPhase section */

/* Begin PBXSourcesBuildPhase section */
		5F28EDF42B165F1E00FF6F60 /* Sources */ = {
			isa = PBXSourcesBuildPhase;
			buildActionMask = 2147483647;
			files = (
			);
			runOnlyForDeploymentPostprocessing = 0;
		};
		5F28EE062B1664BF00FF6F60 /* Sources */ = {
			isa = PBXSourcesBuildPhase;
			buildActionMask = 2147483647;
			files = (
				5F28EE0D2B1664C000FF6F60 /* LocationRequestControllerTests.swift in Sources */,
			);
			runOnlyForDeploymentPostprocessing = 0;
		};
		5F4C24542AD9AF2D00D0E8BD /* Sources */ = {
			isa = PBXSourcesBuildPhase;
			buildActionMask = 2147483647;
			files = (
				5FD85CD82B1CF647000EF0D4 /* Bindable.swift in Sources */,
				5F4C24602AD9AF2D00D0E8BD /* WeatherController.swift in Sources */,
				5FD85CD62B1CF463000EF0D4 /* WeatherViewModel.swift in Sources */,
				5F4C245C2AD9AF2D00D0E8BD /* AppDelegate.swift in Sources */,
				5F28EDF32B164A2700FF6F60 /* GettingStartedViewModel.swift in Sources */,
				5FE09E042AD9E84A004D864C /* MainWeatherInformation.swift in Sources */,
				5FE27BCB2AFC00F3000EC401 /* WeatherImageSetup.swift in Sources */,
				5FE09E0A2ADEE914004D864C /* WeatherDiscription.swift in Sources */,
				5FE09E082ADEE8F7004D864C /* Clouds.swift in Sources */,
				5FE27BC32AFAB47C000EC401 /* UIView + Extensions.swift in Sources */,
				5FE09DFE2AD9E581004D864C /* WeatherData.swift in Sources */,
				5F4C24722AD9B51D00D0E8BD /* LocationManager.swift in Sources */,
				5F4C24702AD9AF6800D0E8BD /* NetworkService.swift in Sources */,
				5FD39B012AEAC83000305CB8 /* String+extensions.swift in Sources */,
				5FE27BBA2AFAAE95000EC401 /* ForecastCellModel.swift in Sources */,
				5F4C24742AD9CD8600D0E8BD /* Weather.swift in Sources */,
				5FE09E022AD9E66E004D864C /* Coordinates.swift in Sources */,
				5FE09E002AD9E5B0004D864C /* City.swift in Sources */,
				5F4C245E2AD9AF2D00D0E8BD /* SceneDelegate.swift in Sources */,
				5F28EDF12B1649D700FF6F60 /* GettingStartedAssembly.swift in Sources */,
				5FE09E0C2ADEE92D004D864C /* Wind.swift in Sources */,
				5FE27BC52AFADC3D000EC401 /* DailyForecastTableViewCell.swift in Sources */,
				5FE27BB22AFA7CCC000EC401 /* GettingStartedController.swift in Sources */,
				5FE27BC02AFAB302000EC401 /* HourlyForecastCollectionViewCell.swift in Sources */,
				5FE27BB82AFA9F06000EC401 /* Constants.swift in Sources */,
			);
			runOnlyForDeploymentPostprocessing = 0;
		};
/* End PBXSourcesBuildPhase section */

/* Begin PBXTargetDependency section */
		5F28EDFD2B165F1E00FF6F60 /* PBXTargetDependency */ = {
			isa = PBXTargetDependency;
			target = 5F4C24572AD9AF2D00D0E8BD /* NativeWeatherApp */;
			targetProxy = 5F28EDFC2B165F1E00FF6F60 /* PBXContainerItemProxy */;
		};
		5F28EE0F2B1664C000FF6F60 /* PBXTargetDependency */ = {
			isa = PBXTargetDependency;
			target = 5F4C24572AD9AF2D00D0E8BD /* NativeWeatherApp */;
			targetProxy = 5F28EE0E2B1664C000FF6F60 /* PBXContainerItemProxy */;
		};
/* End PBXTargetDependency section */

/* Begin PBXVariantGroup section */
		5F4C24662AD9AF2E00D0E8BD /* LaunchScreen.storyboard */ = {
			isa = PBXVariantGroup;
			children = (
				5F4C24672AD9AF2E00D0E8BD /* Base */,
			);
			name = LaunchScreen.storyboard;
			sourceTree = "<group>";
		};
		5FD39B082AEAC9CD00305CB8 /* Localizable.strings */ = {
			isa = PBXVariantGroup;
			children = (
				5FD39B072AEAC9CD00305CB8 /* en */,
				5FD39B092AEAC9D600305CB8 /* ru */,
			);
			name = Localizable.strings;
			sourceTree = "<group>";
		};
/* End PBXVariantGroup section */

/* Begin XCBuildConfiguration section */
		5F28EDFF2B165F1F00FF6F60 /* Debug */ = {
			isa = XCBuildConfiguration;
			buildSettings = {
				BUNDLE_LOADER = "$(TEST_HOST)";
				CODE_SIGN_STYLE = Automatic;
				CURRENT_PROJECT_VERSION = 1;
				DEVELOPMENT_TEAM = 9Q5PU57D77;
				ENABLE_USER_SCRIPT_SANDBOXING = YES;
				GENERATE_INFOPLIST_FILE = YES;
				MARKETING_VERSION = 1.0;
				PRODUCT_BUNDLE_IDENTIFIER = "romanvlasov390-inbox.ru.NativeWeatherAppTests";
				PRODUCT_NAME = "$(TARGET_NAME)";
				SWIFT_EMIT_LOC_STRINGS = NO;
				SWIFT_VERSION = 5.0;
				TARGETED_DEVICE_FAMILY = "1,2";
				TEST_HOST = "$(BUILT_PRODUCTS_DIR)/NativeWeatherApp.app/$(BUNDLE_EXECUTABLE_FOLDER_PATH)/NativeWeatherApp";
			};
			name = Debug;
		};
		5F28EE002B165F1F00FF6F60 /* Release */ = {
			isa = XCBuildConfiguration;
			buildSettings = {
				BUNDLE_LOADER = "$(TEST_HOST)";
				CODE_SIGN_STYLE = Automatic;
				CURRENT_PROJECT_VERSION = 1;
				DEVELOPMENT_TEAM = 9Q5PU57D77;
				ENABLE_USER_SCRIPT_SANDBOXING = YES;
				GENERATE_INFOPLIST_FILE = YES;
				MARKETING_VERSION = 1.0;
				PRODUCT_BUNDLE_IDENTIFIER = "romanvlasov390-inbox.ru.NativeWeatherAppTests";
				PRODUCT_NAME = "$(TARGET_NAME)";
				SWIFT_EMIT_LOC_STRINGS = NO;
				SWIFT_VERSION = 5.0;
				TARGETED_DEVICE_FAMILY = "1,2";
				TEST_HOST = "$(BUILT_PRODUCTS_DIR)/NativeWeatherApp.app/$(BUNDLE_EXECUTABLE_FOLDER_PATH)/NativeWeatherApp";
			};
			name = Release;
		};
		5F28EE112B1664C000FF6F60 /* Debug */ = {
			isa = XCBuildConfiguration;
			buildSettings = {
				BUNDLE_LOADER = "$(TEST_HOST)";
				CODE_SIGN_STYLE = Automatic;
				CURRENT_PROJECT_VERSION = 1;
				DEVELOPMENT_TEAM = 9Q5PU57D77;
				ENABLE_USER_SCRIPT_SANDBOXING = YES;
				GENERATE_INFOPLIST_FILE = YES;
				MARKETING_VERSION = 1.0;
				PRODUCT_BUNDLE_IDENTIFIER = "romanvlasov390-inbox.ru.LocationRequestControllerTests";
				PRODUCT_NAME = "$(TARGET_NAME)";
				SWIFT_EMIT_LOC_STRINGS = NO;
				SWIFT_VERSION = 5.0;
				TARGETED_DEVICE_FAMILY = "1,2";
				TEST_HOST = "$(BUILT_PRODUCTS_DIR)/NativeWeatherApp.app/$(BUNDLE_EXECUTABLE_FOLDER_PATH)/NativeWeatherApp";
			};
			name = Debug;
		};
		5F28EE122B1664C000FF6F60 /* Release */ = {
			isa = XCBuildConfiguration;
			buildSettings = {
				BUNDLE_LOADER = "$(TEST_HOST)";
				CODE_SIGN_STYLE = Automatic;
				CURRENT_PROJECT_VERSION = 1;
				DEVELOPMENT_TEAM = 9Q5PU57D77;
				ENABLE_USER_SCRIPT_SANDBOXING = YES;
				GENERATE_INFOPLIST_FILE = YES;
				MARKETING_VERSION = 1.0;
				PRODUCT_BUNDLE_IDENTIFIER = "romanvlasov390-inbox.ru.LocationRequestControllerTests";
				PRODUCT_NAME = "$(TARGET_NAME)";
				SWIFT_EMIT_LOC_STRINGS = NO;
				SWIFT_VERSION = 5.0;
				TARGETED_DEVICE_FAMILY = "1,2";
				TEST_HOST = "$(BUILT_PRODUCTS_DIR)/NativeWeatherApp.app/$(BUNDLE_EXECUTABLE_FOLDER_PATH)/NativeWeatherApp";
			};
			name = Release;
		};
		5F4C246A2AD9AF2E00D0E8BD /* Debug */ = {
			isa = XCBuildConfiguration;
			buildSettings = {
				ALWAYS_SEARCH_USER_PATHS = NO;
				ASSETCATALOG_COMPILER_GENERATE_SWIFT_ASSET_SYMBOL_EXTENSIONS = YES;
				CLANG_ANALYZER_LOCALIZABILITY_NONLOCALIZED = YES;
				CLANG_ANALYZER_NONNULL = YES;
				CLANG_ANALYZER_NUMBER_OBJECT_CONVERSION = YES_AGGRESSIVE;
				CLANG_CXX_LANGUAGE_STANDARD = "gnu++20";
				CLANG_ENABLE_MODULES = YES;
				CLANG_ENABLE_OBJC_ARC = YES;
				CLANG_ENABLE_OBJC_WEAK = YES;
				CLANG_WARN_BLOCK_CAPTURE_AUTORELEASING = YES;
				CLANG_WARN_BOOL_CONVERSION = YES;
				CLANG_WARN_COMMA = YES;
				CLANG_WARN_CONSTANT_CONVERSION = YES;
				CLANG_WARN_DEPRECATED_OBJC_IMPLEMENTATIONS = YES;
				CLANG_WARN_DIRECT_OBJC_ISA_USAGE = YES_ERROR;
				CLANG_WARN_DOCUMENTATION_COMMENTS = YES;
				CLANG_WARN_EMPTY_BODY = YES;
				CLANG_WARN_ENUM_CONVERSION = YES;
				CLANG_WARN_INFINITE_RECURSION = YES;
				CLANG_WARN_INT_CONVERSION = YES;
				CLANG_WARN_NON_LITERAL_NULL_CONVERSION = YES;
				CLANG_WARN_OBJC_IMPLICIT_RETAIN_SELF = YES;
				CLANG_WARN_OBJC_LITERAL_CONVERSION = YES;
				CLANG_WARN_OBJC_ROOT_CLASS = YES_ERROR;
				CLANG_WARN_QUOTED_INCLUDE_IN_FRAMEWORK_HEADER = YES;
				CLANG_WARN_RANGE_LOOP_ANALYSIS = YES;
				CLANG_WARN_STRICT_PROTOTYPES = YES;
				CLANG_WARN_SUSPICIOUS_MOVE = YES;
				CLANG_WARN_UNGUARDED_AVAILABILITY = YES_AGGRESSIVE;
				CLANG_WARN_UNREACHABLE_CODE = YES;
				CLANG_WARN__DUPLICATE_METHOD_MATCH = YES;
				COPY_PHASE_STRIP = NO;
				DEBUG_INFORMATION_FORMAT = dwarf;
				ENABLE_STRICT_OBJC_MSGSEND = YES;
				ENABLE_TESTABILITY = YES;
				ENABLE_USER_SCRIPT_SANDBOXING = NO;
				GCC_C_LANGUAGE_STANDARD = gnu17;
				GCC_DYNAMIC_NO_PIC = NO;
				GCC_NO_COMMON_BLOCKS = YES;
				GCC_OPTIMIZATION_LEVEL = 0;
				GCC_PREPROCESSOR_DEFINITIONS = (
					"DEBUG=1",
					"$(inherited)",
				);
				GCC_WARN_64_TO_32_BIT_CONVERSION = YES;
				GCC_WARN_ABOUT_RETURN_TYPE = YES_ERROR;
				GCC_WARN_UNDECLARED_SELECTOR = YES;
				GCC_WARN_UNINITIALIZED_AUTOS = YES_AGGRESSIVE;
				GCC_WARN_UNUSED_FUNCTION = YES;
				GCC_WARN_UNUSED_VARIABLE = YES;
				IPHONEOS_DEPLOYMENT_TARGET = 17.0;
				LOCALIZATION_PREFERS_STRING_CATALOGS = YES;
				MTL_ENABLE_DEBUG_INFO = INCLUDE_SOURCE;
				MTL_FAST_MATH = YES;
				ONLY_ACTIVE_ARCH = YES;
				SDKROOT = iphoneos;
				SWIFT_ACTIVE_COMPILATION_CONDITIONS = "DEBUG $(inherited)";
				SWIFT_OPTIMIZATION_LEVEL = "-Onone";
			};
			name = Debug;
		};
		5F4C246B2AD9AF2E00D0E8BD /* Release */ = {
			isa = XCBuildConfiguration;
			buildSettings = {
				ALWAYS_SEARCH_USER_PATHS = NO;
				ASSETCATALOG_COMPILER_GENERATE_SWIFT_ASSET_SYMBOL_EXTENSIONS = YES;
				CLANG_ANALYZER_LOCALIZABILITY_NONLOCALIZED = YES;
				CLANG_ANALYZER_NONNULL = YES;
				CLANG_ANALYZER_NUMBER_OBJECT_CONVERSION = YES_AGGRESSIVE;
				CLANG_CXX_LANGUAGE_STANDARD = "gnu++20";
				CLANG_ENABLE_MODULES = YES;
				CLANG_ENABLE_OBJC_ARC = YES;
				CLANG_ENABLE_OBJC_WEAK = YES;
				CLANG_WARN_BLOCK_CAPTURE_AUTORELEASING = YES;
				CLANG_WARN_BOOL_CONVERSION = YES;
				CLANG_WARN_COMMA = YES;
				CLANG_WARN_CONSTANT_CONVERSION = YES;
				CLANG_WARN_DEPRECATED_OBJC_IMPLEMENTATIONS = YES;
				CLANG_WARN_DIRECT_OBJC_ISA_USAGE = YES_ERROR;
				CLANG_WARN_DOCUMENTATION_COMMENTS = YES;
				CLANG_WARN_EMPTY_BODY = YES;
				CLANG_WARN_ENUM_CONVERSION = YES;
				CLANG_WARN_INFINITE_RECURSION = YES;
				CLANG_WARN_INT_CONVERSION = YES;
				CLANG_WARN_NON_LITERAL_NULL_CONVERSION = YES;
				CLANG_WARN_OBJC_IMPLICIT_RETAIN_SELF = YES;
				CLANG_WARN_OBJC_LITERAL_CONVERSION = YES;
				CLANG_WARN_OBJC_ROOT_CLASS = YES_ERROR;
				CLANG_WARN_QUOTED_INCLUDE_IN_FRAMEWORK_HEADER = YES;
				CLANG_WARN_RANGE_LOOP_ANALYSIS = YES;
				CLANG_WARN_STRICT_PROTOTYPES = YES;
				CLANG_WARN_SUSPICIOUS_MOVE = YES;
				CLANG_WARN_UNGUARDED_AVAILABILITY = YES_AGGRESSIVE;
				CLANG_WARN_UNREACHABLE_CODE = YES;
				CLANG_WARN__DUPLICATE_METHOD_MATCH = YES;
				COPY_PHASE_STRIP = NO;
				DEBUG_INFORMATION_FORMAT = "dwarf-with-dsym";
				ENABLE_NS_ASSERTIONS = NO;
				ENABLE_STRICT_OBJC_MSGSEND = YES;
				ENABLE_USER_SCRIPT_SANDBOXING = NO;
				GCC_C_LANGUAGE_STANDARD = gnu17;
				GCC_NO_COMMON_BLOCKS = YES;
				GCC_WARN_64_TO_32_BIT_CONVERSION = YES;
				GCC_WARN_ABOUT_RETURN_TYPE = YES_ERROR;
				GCC_WARN_UNDECLARED_SELECTOR = YES;
				GCC_WARN_UNINITIALIZED_AUTOS = YES_AGGRESSIVE;
				GCC_WARN_UNUSED_FUNCTION = YES;
				GCC_WARN_UNUSED_VARIABLE = YES;
				IPHONEOS_DEPLOYMENT_TARGET = 17.0;
				LOCALIZATION_PREFERS_STRING_CATALOGS = YES;
				MTL_ENABLE_DEBUG_INFO = NO;
				MTL_FAST_MATH = YES;
				SDKROOT = iphoneos;
				SWIFT_COMPILATION_MODE = wholemodule;
				VALIDATE_PRODUCT = YES;
			};
			name = Release;
		};
		5F4C246D2AD9AF2E00D0E8BD /* Debug */ = {
			isa = XCBuildConfiguration;
			baseConfigurationReference = FE52677A105227154C136AB8 /* Pods-NativeWeatherApp.debug.xcconfig */;
			buildSettings = {
				ASSETCATALOG_COMPILER_APPICON_NAME = AppIcon;
				ASSETCATALOG_COMPILER_GLOBAL_ACCENT_COLOR_NAME = AccentColor;
				CODE_SIGN_STYLE = Automatic;
				CURRENT_PROJECT_VERSION = 1;
				DEVELOPMENT_TEAM = 9Q5PU57D77;
				GENERATE_INFOPLIST_FILE = YES;
				INFOPLIST_FILE = NativeWeatherApp/Resources/Info.plist;
				INFOPLIST_KEY_NSLocationWhenInUseUsageDescription = "Хотите увидеть погоду точно в вашем месте?";
				INFOPLIST_KEY_UIApplicationSupportsIndirectInputEvents = YES;
				INFOPLIST_KEY_UILaunchStoryboardName = LaunchScreen;
				INFOPLIST_KEY_UISupportedInterfaceOrientations_iPad = "UIInterfaceOrientationPortrait UIInterfaceOrientationPortraitUpsideDown UIInterfaceOrientationLandscapeLeft UIInterfaceOrientationLandscapeRight";
				INFOPLIST_KEY_UISupportedInterfaceOrientations_iPhone = "UIInterfaceOrientationPortrait UIInterfaceOrientationLandscapeLeft UIInterfaceOrientationLandscapeRight";
				LD_RUNPATH_SEARCH_PATHS = (
					"$(inherited)",
					"@executable_path/Frameworks",
				);
				MARKETING_VERSION = 1.0;
				PRODUCT_BUNDLE_IDENTIFIER = "romanvlasov390-inbox.ru.NativeWeatherApp";
				PRODUCT_NAME = "$(TARGET_NAME)";
				SUPPORTED_PLATFORMS = "iphoneos iphonesimulator";
				SUPPORTS_MACCATALYST = NO;
				SUPPORTS_MAC_DESIGNED_FOR_IPHONE_IPAD = NO;
				SWIFT_EMIT_LOC_STRINGS = YES;
				SWIFT_VERSION = 5.0;
				TARGETED_DEVICE_FAMILY = 1;
			};
			name = Debug;
		};
		5F4C246E2AD9AF2E00D0E8BD /* Release */ = {
			isa = XCBuildConfiguration;
			baseConfigurationReference = 078C3BAF5F2F173C0934D2A1 /* Pods-NativeWeatherApp.release.xcconfig */;
			buildSettings = {
				ASSETCATALOG_COMPILER_APPICON_NAME = AppIcon;
				ASSETCATALOG_COMPILER_GLOBAL_ACCENT_COLOR_NAME = AccentColor;
				CODE_SIGN_STYLE = Automatic;
				CURRENT_PROJECT_VERSION = 1;
				DEVELOPMENT_TEAM = 9Q5PU57D77;
				GENERATE_INFOPLIST_FILE = YES;
				INFOPLIST_FILE = NativeWeatherApp/Resources/Info.plist;
				INFOPLIST_KEY_NSLocationWhenInUseUsageDescription = "Хотите увидеть погоду точно в вашем месте?";
				INFOPLIST_KEY_UIApplicationSupportsIndirectInputEvents = YES;
				INFOPLIST_KEY_UILaunchStoryboardName = LaunchScreen;
				INFOPLIST_KEY_UISupportedInterfaceOrientations_iPad = "UIInterfaceOrientationPortrait UIInterfaceOrientationPortraitUpsideDown UIInterfaceOrientationLandscapeLeft UIInterfaceOrientationLandscapeRight";
				INFOPLIST_KEY_UISupportedInterfaceOrientations_iPhone = "UIInterfaceOrientationPortrait UIInterfaceOrientationLandscapeLeft UIInterfaceOrientationLandscapeRight";
				LD_RUNPATH_SEARCH_PATHS = (
					"$(inherited)",
					"@executable_path/Frameworks",
				);
				MARKETING_VERSION = 1.0;
				PRODUCT_BUNDLE_IDENTIFIER = "romanvlasov390-inbox.ru.NativeWeatherApp";
				PRODUCT_NAME = "$(TARGET_NAME)";
				SUPPORTED_PLATFORMS = "iphoneos iphonesimulator";
				SUPPORTS_MACCATALYST = NO;
				SUPPORTS_MAC_DESIGNED_FOR_IPHONE_IPAD = NO;
				SWIFT_EMIT_LOC_STRINGS = YES;
				SWIFT_VERSION = 5.0;
				TARGETED_DEVICE_FAMILY = 1;
			};
			name = Release;
		};
/* End XCBuildConfiguration section */

/* Begin XCConfigurationList section */
		5F28EDFE2B165F1F00FF6F60 /* Build configuration list for PBXNativeTarget "NativeWeatherAppTests" */ = {
			isa = XCConfigurationList;
			buildConfigurations = (
				5F28EDFF2B165F1F00FF6F60 /* Debug */,
				5F28EE002B165F1F00FF6F60 /* Release */,
			);
			defaultConfigurationIsVisible = 0;
			defaultConfigurationName = Release;
		};
		5F28EE102B1664C000FF6F60 /* Build configuration list for PBXNativeTarget "LocationRequestControllerTests" */ = {
			isa = XCConfigurationList;
			buildConfigurations = (
				5F28EE112B1664C000FF6F60 /* Debug */,
				5F28EE122B1664C000FF6F60 /* Release */,
			);
			defaultConfigurationIsVisible = 0;
			defaultConfigurationName = Release;
		};
		5F4C24532AD9AF2D00D0E8BD /* Build configuration list for PBXProject "NativeWeatherApp" */ = {
			isa = XCConfigurationList;
			buildConfigurations = (
				5F4C246A2AD9AF2E00D0E8BD /* Debug */,
				5F4C246B2AD9AF2E00D0E8BD /* Release */,
			);
			defaultConfigurationIsVisible = 0;
			defaultConfigurationName = Release;
		};
		5F4C246C2AD9AF2E00D0E8BD /* Build configuration list for PBXNativeTarget "NativeWeatherApp" */ = {
			isa = XCConfigurationList;
			buildConfigurations = (
				5F4C246D2AD9AF2E00D0E8BD /* Debug */,
				5F4C246E2AD9AF2E00D0E8BD /* Release */,
			);
			defaultConfigurationIsVisible = 0;
			defaultConfigurationName = Release;
		};
/* End XCConfigurationList section */
	};
	rootObject = 5F4C24502AD9AF2D00D0E8BD /* Project object */;
}
